
Microsoft Visual Studio Solution File, Format Version 12.00
# Visual Studio Version 16
VisualStudioVersion = 16.0.30804.86
MinimumVisualStudioVersion = 10.0.40219.1
Project("{FAE04EC0-301F-11D3-BF4B-00C04F79EFBC}") = "Calculator", "Calculator\Calculator.csproj", "{170911E9-9C12-4DC2-A594-BBBAEE289113}"
EndProject
Global
	GlobalSection(SolutionConfigurationPlatforms) = preSolution
		Debug|Any CPU = Debug|Any CPU
		Release|Any CPU = Release|Any CPU
	EndGlobalSection
	GlobalSection(ProjectConfigurationPlatforms) = postSolution
		{170911E9-9C12-4DC2-A594-BBBAEE289113}.Debug|Any CPU.ActiveCfg = Debug|Any CPU
		{170911E9-9C12-4DC2-A594-BBBAEE289113}.Debug|Any CPU.Build.0 = Debug|Any CPU
		{170911E9-9C12-4DC2-A594-BBBAEE289113}.Release|Any CPU.ActiveCfg = Release|Any CPU
		{170911E9-9C12-4DC2-A594-BBBAEE289113}.Release|Any CPU.Build.0 = Release|Any CPU
	EndGlobalSection
	GlobalSection(SolutionProperties) = preSolution
		HideSolutionNode = FALSE
	EndGlobalSection
	GlobalSection(ExtensibilityGlobals) = postSolution
		SolutionGuid = {90ABAAE5-600C-431C-AEC1-0FCA090FE385}
	EndGlobalSection
EndGlobal
